
Microsoft Visual Studio Solution File, Format Version 12.00
# Visual Studio 14
VisualStudioVersion = 14.0.25123.0
MinimumVisualStudioVersion = 10.0.40219.1
Project("{FAE04EC0-301F-11D3-BF4B-00C04F79EFBC}") = "ContentEnrichmentService", "ContentEnrichmentService\ContentEnrichmentService.csproj", "{5C83C245-3504-4F07-89BC-5FFD323C2184}"
EndProject
Global
	GlobalSection(SolutionConfigurationPlatforms) = preSolution
		Debug|Any CPU = Debug|Any CPU
		Release|Any CPU = Release|Any CPU
	EndGlobalSection
	GlobalSection(ProjectConfigurationPlatforms) = postSolution
		{5C83C245-3504-4F07-89BC-5FFD323C2184}.Debug|Any CPU.ActiveCfg = Debug|Any CPU
		{5C83C245-3504-4F07-89BC-5FFD323C2184}.Debug|Any CPU.Build.0 = Debug|Any CPU
		{5C83C245-3504-4F07-89BC-5FFD323C2184}.Release|Any CPU.ActiveCfg = Release|Any CPU
		{5C83C245-3504-4F07-89BC-5FFD323C2184}.Release|Any CPU.Build.0 = Release|Any CPU
	EndGlobalSection
	GlobalSection(SolutionProperties) = preSolution
		HideSolutionNode = FALSE
	EndGlobalSection
EndGlobal
